
Microsoft Visual Studio Solution File, Format Version 12.00
# Visual Studio Version 17
VisualStudioVersion = 17.7.34003.232
MinimumVisualStudioVersion = 10.0.40219.1
Project("{FAE04EC0-301F-11D3-BF4B-00C04F79EFBC}") = "API_Oficina", "API_Oficina\API_Oficina.csproj", "{C8955046-9A5C-4495-9A2C-83CE890F9A9B}"
EndProject
Global
	GlobalSection(SolutionConfigurationPlatforms) = preSolution
		Debug|Any CPU = Debug|Any CPU
		Release|Any CPU = Release|Any CPU
	EndGlobalSection
	GlobalSection(ProjectConfigurationPlatforms) = postSolution
		{C8955046-9A5C-4495-9A2C-83CE890F9A9B}.Debug|Any CPU.ActiveCfg = Debug|Any CPU
		{C8955046-9A5C-4495-9A2C-83CE890F9A9B}.Debug|Any CPU.Build.0 = Debug|Any CPU
		{C8955046-9A5C-4495-9A2C-83CE890F9A9B}.Release|Any CPU.ActiveCfg = Release|Any CPU
		{C8955046-9A5C-4495-9A2C-83CE890F9A9B}.Release|Any CPU.Build.0 = Release|Any CPU
	EndGlobalSection
	GlobalSection(SolutionProperties) = preSolution
		HideSolutionNode = FALSE
	EndGlobalSection
	GlobalSection(ExtensibilityGlobals) = postSolution
		SolutionGuid = {E77AEB3D-E70E-4BB9-8F6E-54D1B15A4195}
	EndGlobalSection
EndGlobal
